# Rivqen evidence: pinned upstream source manifest
# Format: <sha256>  <path>   (file hashes only; no upstream content is stored)
repository: https://github.com/Tencent/VasSonic
commit: 59936beff656d4b5718ff6444d6c5e001a2c5231
commit-date: 2019-04-15
license: BSD-3-Clause (+ Android Source Code 4.4_r1 under Apache-2.0)
files: 329

a11fc151a0d4b1c407448597f5307bf21a05c5245a6947c3fa0802a589a02c2e  .gitignore
a87f2daf06dcc29b58802e5b1494945c64b9efd12bb7037f6f1f6a500d279cee  CONTRIBUTING.md
2a7483e435cd3edabd4a0fb102de07b43788907481487d1922a6580ed592ba3b  ISSUE_TEMPLATE
de3fb876383f313758fb953673f63ffd339ea24756b1ad57aaa9e7c8c0b567d1  LICENSE
befa30cd35f7a5ca1b364a1a3b8c56a94cae070497f242f8dc0a294424960c5d  README.md
1538bf560a283276cdfe1216c7ca644613a6555837829590d2c2d03bf5e19932  assets/20170705120005424.gif
4b2ef25af6942c878fc3a11b66e6e1c16c9f6dc4ca3a1d25ce3389c0bb68ea92  assets/20170705120029897.gif
3a4abf88af4fce85d3f890a392a3310b904fa6f0b1ab58c10f42ac87d4d07203  assets/LocalServerModeCache.png
51c44ba13cf037c97f87ba08b3793a9a916169566bc301faea759dc3df8b8d08  assets/LocalServerModeDataUpdate.png
503adfc21b02039f09fd8be4b0782bf2fdeb060424394ecaf3404ab9639fc175  assets/LocalServerModeTemplateChange.png
a6e6c4af6b66d6daa6b1d8ef9ffdba3c41dfe0112a06305c74b0479ea989ff6c  assets/QQ移动页面框架优化实践.pdf
788b88fb770c89c44036e5ba23d840af0895b89a6aa999056949b5976027b416  assets/QR.JPG
e43634f5d0175ff51db979223fe24220c6dd0479730a07a5f3bb9c52a7c513e1  assets/Sonic2.0.md
e146f86ec92c217a701eb1d07904623a2d22e6301bcb685a2ec903018235d6e1  assets/VasSonic3.0_preload.md
1dca98c0688e517f33784078d28f942d65d6501e9ae1866b1296c2215a467ccc  assets/logo.png
7a5a1b66fdc7ef1138864c74a31a3b601b82622574e57f16d0101d0af4e4437d  assets/sonic发展历程.md
d525aa27e5d90e35e609e146079c2024ccba318a435125d2cdc060658fc5b12f  assets/subresource_preload.png
4833f35f34a6e77e1433bacf161b7da8d5f1fbafbcfe8b35931ef1406fc69ec3  checkstyle.xml
fc5c1c1744dd19c5a35a90707c0d657cbc7c158491996aa9ffc0eea0539f1e52  sonic-android/.gitignore
c835b219f6519ef4e81731ac43aebe2723e0b05ccefed4525991a5e818b26585  sonic-android/README.md
9da9e5fdb01db404fbd3cf0854da0b19ab47965fb12e632c0ad7d64e08c3867e  sonic-android/build.gradle
5d5e3ff01639fb4a3583e5171c2e0f646921df9f49a3023d5df515937ea08a94  sonic-android/docs/Sonic Quick模式实现原理.md
75434c07cd0dbd3e42c2c8840b8f8c7e4b1284915b0de0b51387104937c1e818  sonic-android/docs/Sonic Standard模式实现原理.md
0ae666ea4e94d78578a1cbc1fc0a0b8600efa69b60c4607392a7f0c2a0222ba4  sonic-android/docs/Sonic接入指引.md
63f4d3f51daf8ef3b431f45bab85491c2b468d92d814978a4e5000b573669199  sonic-android/docs/Sonic框架介绍.md
ddc9b179fbf59a5af754f97131e81ae8f15f769c7d0fb2f94b946310e6aec785  sonic-android/docs/javadoc/allclasses-frame.html
9062204cacb326bd37f2573de543ecf1f8f6b53f92bd87721d758b1ac02ce881  sonic-android/docs/javadoc/allclasses-noframe.html
0504ae28d060614903630150aaf954ec416c500a3711da621443bf2b2bb0c47a  sonic-android/docs/javadoc/com/tencent/sonic/sdk/QuickSonicSession.html
90d2ba08501b07ddd44514315dce11842fc6d902b5eabb836d83823ba9bbe581  sonic-android/docs/javadoc/com/tencent/sonic/sdk/SonicCacheInterceptor.html
05218f1ee359e1bfad9b7a170b03305a700511487609ef730f2701f037ff8070  sonic-android/docs/javadoc/com/tencent/sonic/sdk/SonicConfig.Builder.html
7baf6d6d85b966a4047ee04573cdc163b8f9a6feb14c0f214a37c788f5ae0cdb  sonic-android/docs/javadoc/com/tencent/sonic/sdk/SonicConfig.html
61f790c0f6c84ea890011c8b1d5c97f50539aff1f8fa1f3c349b7d21f9d7dfb1  sonic-android/docs/javadoc/com/tencent/sonic/sdk/SonicConstants.html
e4dea2309afa57163f8174830801c9943d54de96c7a88c457bcb617ef47fad5d  sonic-android/docs/javadoc/com/tencent/sonic/sdk/SonicDBHelper.html
f1d96f567f5eeb9ec01b756d26f4077bd93fca2a13c5afcaafce32a5847a908d  sonic-android/docs/javadoc/com/tencent/sonic/sdk/SonicDiffDataCallback.html
bacff4983a158e3bc32638a77422cf2127d6b82fb9f732448544362b40909826  sonic-android/docs/javadoc/com/tencent/sonic/sdk/SonicEngine.html
361338f4e5111953146cf0b6c4eb6e49ac3cec46837d4c7bedeb8e84089a856e  sonic-android/docs/javadoc/com/tencent/sonic/sdk/SonicFileUtils.html
4c165c9ae7f7c829eadf2bcd73cc4d1a66d2c0f75629ce5f1bfd3929b87f932a  sonic-android/docs/javadoc/com/tencent/sonic/sdk/SonicResourceDataHelper.ResourceData.html
5c804bd707298efa6a95b42f88cdb85857c963eb642f7256d9fd5b417d4eb825  sonic-android/docs/javadoc/com/tencent/sonic/sdk/SonicResourceDataHelper.html
21c5e1db2f216ba47ab17a72afad5537a6c98073c0e707964fae879ae9e0aaea  sonic-android/docs/javadoc/com/tencent/sonic/sdk/SonicRuntime.html
7a66d3c0e6c0da966c1fa0f7df3378fbf2866e6364f46576b2cd295713b215de  sonic-android/docs/javadoc/com/tencent/sonic/sdk/SonicServer.html
0bad0d255478f65cc0689b97016adacf37c9801bbd52765e219081d889cdf15f  sonic-android/docs/javadoc/com/tencent/sonic/sdk/SonicSession.Callback.html
94c5bafc20ab92c2ccf5f1d6dc8c1422213c042d91d1160416156f577c2f5190  sonic-android/docs/javadoc/com/tencent/sonic/sdk/SonicSession.html
e5d271148763652c1f6bc856e54a0a4ee6155c809c52936695f8559a34dd38ec  sonic-android/docs/javadoc/com/tencent/sonic/sdk/SonicSessionClient.html
3c4adffdb2d687adf9b08b2dd4b1571708fcfcd9f3d79a70e8563f6ec51a45cb  sonic-android/docs/javadoc/com/tencent/sonic/sdk/SonicSessionConfig.Builder.html
a7f1d994b7a7fb4e321d2e98f55f5b896a18857ef90dabf8fcd8898e9ea421de  sonic-android/docs/javadoc/com/tencent/sonic/sdk/SonicSessionConfig.html
7603ea6d89e64ac437c4e6e83223434232255b230ca39bf8addf7da9403cd1f1  sonic-android/docs/javadoc/com/tencent/sonic/sdk/SonicSessionConnection.SessionConnectionDefaultImpl.html
fe0650d87dce98065dbf063e2a3fd120fff91c22684fc353cf4b173d81b65626  sonic-android/docs/javadoc/com/tencent/sonic/sdk/SonicSessionConnection.html
c0ae195805afdb752b65247a30873436a87081c81e401d9b0527aa0289ddd07a  sonic-android/docs/javadoc/com/tencent/sonic/sdk/SonicSessionConnectionInterceptor.html
526e3bbf425b6210f7df28c134619244003a37233e919badd285ad193fe9f019  sonic-android/docs/javadoc/com/tencent/sonic/sdk/SonicSessionStatistics.html
d72f85b4aaf0d0aeb84370d509e86c033d5d73597744b6dbb88dfc9305547ba8  sonic-android/docs/javadoc/com/tencent/sonic/sdk/SonicSessionStream.Callback.html
172e0b39e2d091e386c3213c4a7e88fd19498a0a95e9f38dcf882f252e9f261f  sonic-android/docs/javadoc/com/tencent/sonic/sdk/SonicSessionStream.html
fc8b8377d282ed80cdd2e691ca1e38fe127202c4f8836753d0db606dd031dd4c  sonic-android/docs/javadoc/com/tencent/sonic/sdk/SonicUtils.html
4b062096aaa682646c0466a57274dfb3ebec11d1b0aa501ef793d8083bb7174c  sonic-android/docs/javadoc/com/tencent/sonic/sdk/StandardSonicSession.html
cc11a6b94be04b2de74bd9f0f39401c062ca8bc6076e68c512d43d707ec34148  sonic-android/docs/javadoc/com/tencent/sonic/sdk/download/SonicDownloadCache.SonicResourceCache.html
8ef33ec938bc68639c042561a5158f3360e89f82273150ce8a8755966184b7b4  sonic-android/docs/javadoc/com/tencent/sonic/sdk/download/SonicDownloadCache.html
c5ddcceafcd01d188789a6b1abb5c440a056af0c52fc5b29a88bc3cc25e6d8ff  sonic-android/docs/javadoc/com/tencent/sonic/sdk/download/SonicDownloadCallback.SimpleDownloadCallback.html
6a69268b80c17c285660ed83d7dd47f2baa1e8c1f32ee97aeb295ad0ad848e14  sonic-android/docs/javadoc/com/tencent/sonic/sdk/download/SonicDownloadCallback.html
f3401044e9dc61625546573d7a8f07968aa484613043d677b70d0cba0b28b19a  sonic-android/docs/javadoc/com/tencent/sonic/sdk/download/SonicDownloadClient.DownloadTask.html
8fcc829b7a1b9d0ac10bb95ac1232c4cf1a62396e08085e7449d4e669e101dde  sonic-android/docs/javadoc/com/tencent/sonic/sdk/download/SonicDownloadClient.SonicDownloadConnection.html
d2ba8db0b3b5fbcb5b3691ec19b3956fb9e9e52e0c307d1a191c688bbcd9b0cf  sonic-android/docs/javadoc/com/tencent/sonic/sdk/download/SonicDownloadClient.SubResourceDownloadCallback.html
5788f78479cb310e90bc5fbcc8e2a776f945f451e6ab9940ffd5c4092f5e823f  sonic-android/docs/javadoc/com/tencent/sonic/sdk/download/SonicDownloadClient.html
c972931c70f31184f667d8d9b1cc3b174943c7ddb85b3ea2eca7248584ed0936  sonic-android/docs/javadoc/com/tencent/sonic/sdk/download/SonicDownloadEngine.html
bfabf98bad868c833e222e3627013d000553477006a0867fc30f6b13fc50a063  sonic-android/docs/javadoc/com/tencent/sonic/sdk/download/package-frame.html
6275b365d4422219c4632eda4284f0866993409766b18ab071e92520fe436692  sonic-android/docs/javadoc/com/tencent/sonic/sdk/download/package-summary.html
6846a1a276ddfb2751dd818191748c0fa1f7ab1777a20d5d3da5376dcead9380  sonic-android/docs/javadoc/com/tencent/sonic/sdk/download/package-tree.html
fabfca0c717d53475c74fcd23a4eeccdd7f8ffbb58f1f306551f94590592c2ed  sonic-android/docs/javadoc/com/tencent/sonic/sdk/package-frame.html
ded7c268a644ae5aef0a1f7ea50530a1df74006d3e7c639260d8f4f30d087fe6  sonic-android/docs/javadoc/com/tencent/sonic/sdk/package-summary.html
dd22aed4602571585e774f30c3ef333f20c86508f23555733849655a6b6c0883  sonic-android/docs/javadoc/com/tencent/sonic/sdk/package-tree.html
7d4d4cb19c2374900675e0bccf0fa8a84b88e2f582c1fb312d7c8ebfc0b3b1ef  sonic-android/docs/javadoc/constant-values.html
883bf542ae3528443985ab76f5d36be2870042cd1bc33e5f6f42639094de1dd7  sonic-android/docs/javadoc/deprecated-list.html
2703612ffd5d4836c44bcc339513c39e125c5c8670c998aa61fe7336aff46fbc  sonic-android/docs/javadoc/help-doc.html
5e2afd7420cb640341def71b9f90d7a3af274fb3aa89656f5d9b892a65e2d065  sonic-android/docs/javadoc/index-all.html
25e2b0907194614a123f685c24d05962bb4515b99ca70b0f62e368094ae51f5a  sonic-android/docs/javadoc/index.html
6dcaa5a7b2f531de2cf191b850397c042412aacc486d62c1228ffc4cf22c2a74  sonic-android/docs/javadoc/overview-frame.html
19527f1259ab8bcd040f0be04113840c67710597fe40d9fae881f6232f24b54c  sonic-android/docs/javadoc/overview-summary.html
00def0a5191d7997a5815805e2dc2ccc3a6697eefedc32f11a165dae915aad5a  sonic-android/docs/javadoc/overview-tree.html
dc8973b5a7550b18e2c68e420a68b880896695a3a9f08c350e4e42786669a805  sonic-android/docs/javadoc/package-list
506393161b692568f588d68beaecf9ad5d33f147abad909d9cde12918dbce7b7  sonic-android/docs/javadoc/script.js
1bd7e17fe3d51bcd775fff086f66b19fc97a2f467248f382d8310c6b114c4d5e  sonic-android/docs/javadoc/stylesheet.css
4ed985b814b2975b2f85512b387573dbc6d7f4280e47deca01ab40d569f72506  sonic-android/docs/sdk-3.0.0-javadoc.jar
e5340617d1631aabb3b382de8b4af7db0a1e2d3c119eb91e90ab4ab5bb05ee6d  sonic-android/docs/sonic.png
5b6f08edb29e0a0c3be97fb459108074f8435222d61623e282feffbb720b41b1  sonic-android/docs/sonicQuickModeCache.png
8069d00bf15f3b71e608aec00ee4037b0393928e1ab04a65a5eb9bdf5ef72e31  sonic-android/docs/sonicQuickModeDataUpdate.png
bc6437a2f44fb5f983285cc6e6263659ae42428bd3201728afe8d662b01c57f2  sonic-android/docs/sonicQuickModeFirst.png
cf88fd53f5e85bf784092189c7c914d52df0e3c098e5260aac9b9e9dd6860897  sonic-android/docs/sonicQuickModeTemplateChange.png
8580d86b5e5e48a460bc5184b7ea7d3969f01e1a28848952f58c304f9407d72b  sonic-android/docs/sonicStandardModeCache.png
f1654690f0b7b86979de08bcf1c5de63ca2ff2d825d67053bf0d40913bb2cfd8  sonic-android/docs/sonicStandardModeDataUpdate.png
15b4a643d1805b683585a19981db7e35a09b1de3b6ffcf84f50aa905ff2c405e  sonic-android/docs/sonicStandardModeFirst.png
0785210ec5e9c984b7fe2e90556d790d8db4d28e121be4ff8328dad29ee37991  sonic-android/docs/sonicStandardModeTemplateChange.png
16caeaf66d57a0d1d2087fef6a97efa62de8da69afa5b908f40db35afc4342da  sonic-android/gradle/wrapper/gradle-wrapper.jar
5e2008c8683edcbef086ecf1b4ce5362c0a943d3da59b5fd18b5927c02099e5f  sonic-android/gradle/wrapper/gradle-wrapper.properties
ec56c02543666d92d9ac5ae7fcc48f88ce4de0deb8b7f9b39928ca46f68c1b2b  sonic-android/gradlew
f4f428c5626b3d90cef3bd4e7fd3ad3ea5760442db8c09d586b5bfe031dbe5e3  sonic-android/gradlew.bat
fc5c1c1744dd19c5a35a90707c0d657cbc7c158491996aa9ffc0eea0539f1e52  sonic-android/sample/.gitignore
6905bb26cae8c4a7b3e247fa4ba9ea57ca9028b2f098bef0d20e58de9330d146  sonic-android/sample/build.gradle
40e418b7152c158b54a41394cb511e8e9247786f2124f8f0914074d6f92353bf  sonic-android/sample/proguard-rules.pro
4bde40cc2b522d210bccf7915e7fa916c63222eb7b2951526ef641b2f3335785  sonic-android/sample/src/main/AndroidManifest.xml
4ec7733a71b7f43b9445a80f5f3ac1a1785eaa4f19afbed6f01e3faeb9104aeb  sonic-android/sample/src/main/assets/sonic-demo-index.html
42371691d3c55cd8515054e091de31cec8516c485a3821ca51cf99779c11e6fa  sonic-android/sample/src/main/java/com/tencent/sonic/demo/BrowserActivity.java
84b7a2bb60a9a2009581ccc40a7de7fb8d50e0c5d4692a3af9d4755d94ac4ed3  sonic-android/sample/src/main/java/com/tencent/sonic/demo/MainActivity.java
2c210260804d67c5d225cf2fe74601daaab99feba7c47fe3595f812ad0a4b2c7  sonic-android/sample/src/main/java/com/tencent/sonic/demo/SonicJavaScriptInterface.java
305142d1f4cbdc9c2ee15868c45595409005a101389ec21faa3ac7cc1fde4ef7  sonic-android/sample/src/main/java/com/tencent/sonic/demo/SonicRuntimeImpl.java
1cb694f7495c2032b5c42547ecd74d4e0f2ecfc29010c33d6253617322aae364  sonic-android/sample/src/main/java/com/tencent/sonic/demo/SonicSessionClientImpl.java
5883212a546888e47f4619997923f0ba74aec1fe0e14dcca192a8b0c5fffd818  sonic-android/sample/src/main/java/com/tencent/sonic/demo/UrlListAdapter.java
0fddc68204b13a06de79485bf6620bc49fb15fd0b3761dacdc29928b0e28d08e  sonic-android/sample/src/main/java/com/tencent/sonic/demo/UrlSelector.java
4bcd8d73a146c3ce1187b70ad371e51632b8e4ab5eb2ab16543ddd20eb48ab1e  sonic-android/sample/src/main/res/drawable/ic_add_circle_accent_24dp.xml
a3f635318a2f4ad0e89b0ff2a9c25c54adebd6f349e0dcbb51d2b9cd857e1b87  sonic-android/sample/src/main/res/drawable/ic_add_circle_black_24dp.xml
8fbd0e870aedd38af48a5dac185ebe41cea8d4d45aec9e3dbc0ef0c6196c7fcd  sonic-android/sample/src/main/res/drawable/ic_add_circle_selector.xml
43b21224ee87b6835671c86c103317050dbac3f3d804e12994f20bf4065beaca  sonic-android/sample/src/main/res/drawable/ic_remove_circle_accent_24dp.xml
1dca98c0688e517f33784078d28f942d65d6501e9ae1866b1296c2215a467ccc  sonic-android/sample/src/main/res/drawable/slogan.png
21e486c71a7c3b5282ef0a6d41534deff63be2de74287908af81027834e91e06  sonic-android/sample/src/main/res/drawable/sonic_button_round_mask.xml
53a6184e84234c8e603a485635f649a25eb41870ba6fd9ce2cc35842feafb88d  sonic-android/sample/src/main/res/layout/activity_browser.xml
b663ea5fe32dec984f4112c0b1a81c4401d2686aa1e6d384c7197d5472adabf3  sonic-android/sample/src/main/res/layout/activity_main.xml
0b829abecbb72c657856024e192437f2b869fa16243f6c3a38d34d11eedc5ac3  sonic-android/sample/src/main/res/layout/dialog_url.xml
4f9fb92da689ff4640b925c3d8515ff330ea41fa2bde25eb8635383092015cd4  sonic-android/sample/src/main/res/layout/list_item_url.xml
f2f52231f57eb4b5013d76d784bdf829027c98e72ddd17fbdfb60f6b979b106a  sonic-android/sample/src/main/res/mipmap-hdpi/ic_launcher.png
94ed3cdd9dc3de6dbeb59ff48f0eba1551a1b7f86216ce148a1635f2468b3a5d  sonic-android/sample/src/main/res/mipmap-hdpi/ic_launcher_round.png
eed6dbc635ea906ed6a1ac7958943fdd19359991fc6ae56160e2bf203f39abb0  sonic-android/sample/src/main/res/mipmap-mdpi/ic_launcher.png
c82d489f4abfd08641f33de135dd62129c7b38e3dcb8f70d9d7f32be767afcd4  sonic-android/sample/src/main/res/mipmap-mdpi/ic_launcher_round.png
25c4b2dc8bce21546e01016bd60faf2e28e96a6004327a3589ab190395fbc8dd  sonic-android/sample/src/main/res/mipmap-xhdpi/ic_launcher.png
7fd71e8c091fc36bf4dce20d4b22f8e8450184467917dcd6ec4193930c4453bb  sonic-android/sample/src/main/res/mipmap-xhdpi/ic_launcher_round.png
3389becfa5b3aa0d253e32f20374c7de01aa358281b14bef2b2cf0fde26c2b85  sonic-android/sample/src/main/res/mipmap-xxhdpi/ic_launcher.png
713ca05ddc95baa3e5cb38cb52bfa805852ec6579de018a3a22eb843f66a125f  sonic-android/sample/src/main/res/mipmap-xxhdpi/ic_launcher_round.png
ca8c16b33d18ab83b3ab2d18e9d970a8e396944a79d38f8cb2aed2709246a32f  sonic-android/sample/src/main/res/mipmap-xxxhdpi/ic_launcher.png
75bb7066418bfb560fd7eb9fcea5ac0deec4308ad5349f16353da7604c21e209  sonic-android/sample/src/main/res/mipmap-xxxhdpi/ic_launcher_round.png
c78f2c3d648c80e1e502e94fe02a444182c13e30f9166325a1f9ced8f74281e6  sonic-android/sample/src/main/res/values/colors.xml
bab13b77964cc3f7ddf61bf10507b1fe41dc7a3438b86925ab593e56019b1785  sonic-android/sample/src/main/res/values/strings.xml
df65a6f716c774c02594e4653f07f283f7b0be70a591ef2e0e00a44ca8584dee  sonic-android/sample/src/main/res/values/styles.xml
fc5c1c1744dd19c5a35a90707c0d657cbc7c158491996aa9ffc0eea0539f1e52  sonic-android/sdk/.gitignore
765a23fdcfcccf4a08eca77e8eb5de868f5b47bfc4d886895fc0a84caa40a715  sonic-android/sdk/build.gradle
40e418b7152c158b54a41394cb511e8e9247786f2124f8f0914074d6f92353bf  sonic-android/sdk/proguard-rules.pro
90f59f70abef5f0d74517f62af27b91a2ab5ef307e130a7c1490cbe466ef1fe9  sonic-android/sdk/src/androidTest/java/com/tencent/sonic/sdk/BaseSonicTest.java
e7338d0b09b3c000a6d23c67eca2ff02272faa54ec5a8808e1c69210dc753eb0  sonic-android/sdk/src/androidTest/java/com/tencent/sonic/sdk/ExampleInstrumentedTest.java
4bd2541868530569134dea92a416dd1ee53e00da25eb6723c0d801602e57a96e  sonic-android/sdk/src/androidTest/java/com/tencent/sonic/sdk/QuickSonicSessionTest.java
9e1004b3a68f3a127ad4ff3d47cdd034d6db67d6dde3fed0b9fa814b0ce299ac  sonic-android/sdk/src/androidTest/java/com/tencent/sonic/sdk/SonicRuntimeImplTest.java
f740b9b0d1fecf63301d0812b38bcb5d502c0039f8f9a74b921c060e1297afad  sonic-android/sdk/src/androidTest/java/com/tencent/sonic/sdk/SonicSessionClientImplTest.java
c7a270206d1c40469139e49a6811a02f876a59b329c7bc9a070cd6276caa72ef  sonic-android/sdk/src/androidTest/java/com/tencent/sonic/sdk/SonicTestData.java
ccb1ae88a9ceee2d8e2d0034813026c47c9cdd20c59ece3b50ad3463d510e9ce  sonic-android/sdk/src/main/AndroidManifest.xml
772ef821bb907306141358268907bd75930ae7c52c5560f775193f58dc448eda  sonic-android/sdk/src/main/java/com/tencent/sonic/sdk/QuickSonicSession.java
3f289f8f567b31bad59438a4c5f5c2431e6cc61982ab4c4500a558c0a9aab582  sonic-android/sdk/src/main/java/com/tencent/sonic/sdk/SonicCacheInterceptor.java
8deffaabf304b908720c929174103b28d92f370e2242cbd96e653c9ef7ad8e8f  sonic-android/sdk/src/main/java/com/tencent/sonic/sdk/SonicConfig.java
b69d97b8ce278b45388b90cbcd7194c75fafb142c7bf81be3fb93d93d5709dfb  sonic-android/sdk/src/main/java/com/tencent/sonic/sdk/SonicConstants.java
0b4dfddf42db1bbb830fd99e5aa5e8fa22307d79512c9ae41c2d07a1fdb79a6b  sonic-android/sdk/src/main/java/com/tencent/sonic/sdk/SonicDBHelper.java
7c99bd9810517363a0a3bdbd9e287fac18a20e039854a16c12e38b4ba9d6c73e  sonic-android/sdk/src/main/java/com/tencent/sonic/sdk/SonicDataHelper.java
014a60f80141fef805ed92f60a92c0de0a757ebfc0e0369e9d2b828c93c99141  sonic-android/sdk/src/main/java/com/tencent/sonic/sdk/SonicDiffDataCallback.java
397570c2620b978664d9998c12bee9ddb3663c52d9cfda8287475e3c28452f9d  sonic-android/sdk/src/main/java/com/tencent/sonic/sdk/SonicEngine.java
4bd8a44b9ffa6f91d5943bce70054c5f045e7ac8e1d6eeb074fd9b063c5a1c29  sonic-android/sdk/src/main/java/com/tencent/sonic/sdk/SonicFileUtils.java
67d71c454a4ac4e196d0a76dc381c016557b8ebbfbc39c2040bd842cc3f5fa0d  sonic-android/sdk/src/main/java/com/tencent/sonic/sdk/SonicResourceDataHelper.java
4cad945d8e4d4aabfed53ab6f3ac96aec3f7eb29611e55b3532f2319a703e248  sonic-android/sdk/src/main/java/com/tencent/sonic/sdk/SonicRuntime.java
b22505699ad672749f3bc8e0679b562c219d2e66f4518966be86b13289eb60df  sonic-android/sdk/src/main/java/com/tencent/sonic/sdk/SonicServer.java
5ca5b0a67585b97b637879e7a308309be0dc26ebc9827124622c8b64720047db  sonic-android/sdk/src/main/java/com/tencent/sonic/sdk/SonicSession.java
0b9b58023ddc2e6c5987373a9bba1babbdf22bc6767caa48429995d40e58246a  sonic-android/sdk/src/main/java/com/tencent/sonic/sdk/SonicSessionCallback.java
7b13ae630aa6d44b5d93e4f586fe06e18a56b29f40ccd72db4f9f4e349f1db4c  sonic-android/sdk/src/main/java/com/tencent/sonic/sdk/SonicSessionClient.java
13b4ea66609319f704c39500018cb67e24175740dc87be8e42342ffa276979eb  sonic-android/sdk/src/main/java/com/tencent/sonic/sdk/SonicSessionConfig.java
89de2d1ac8671bb19391bdbe107c284638f430362dbc0eb0a29700c9aba1d522  sonic-android/sdk/src/main/java/com/tencent/sonic/sdk/SonicSessionConnection.java
cc2c6d41423dfdb00abd0c5032fb162420bd3ea44078ee8aeb88efb126cb4be9  sonic-android/sdk/src/main/java/com/tencent/sonic/sdk/SonicSessionConnectionInterceptor.java
311bb6f665f6ad6537acd7a582f8caa0b3331cfca930588c15880f89fbb6058c  sonic-android/sdk/src/main/java/com/tencent/sonic/sdk/SonicSessionStatistics.java
8f5088afbe32cf183af1449d469ae494e79bddc368195238f375b56286fabd34  sonic-android/sdk/src/main/java/com/tencent/sonic/sdk/SonicSessionStream.java
4c67b3816399fa154c56c2271b332c98f0e511b3e71ee1ece17f43deadf4543a  sonic-android/sdk/src/main/java/com/tencent/sonic/sdk/SonicSessionThreadPool.java
5ec078384182e0b02ded15b41ed8a758f889b214b79fecb92e02d90ec4475390  sonic-android/sdk/src/main/java/com/tencent/sonic/sdk/SonicSniSSLSocketFactory.java
d16c893b1a3516cb538efaf3f95e5712d83aa86ce3e145d0fa5e2da0e6bab77d  sonic-android/sdk/src/main/java/com/tencent/sonic/sdk/SonicUtils.java
b58e6a3feab40ca44c76da085d1d72531f479c2261f08d94b5274b097088eb50  sonic-android/sdk/src/main/java/com/tencent/sonic/sdk/StandardSonicSession.java
852fb5249126bd7f8d07df5187731dbc79a8ed20c116c8cfd0205d8a1abe6169  sonic-android/sdk/src/main/java/com/tencent/sonic/sdk/download/SonicDownloadCache.java
b37ed61b964094fc94f30c41c6136191fe617463f425c94539014fca170de8fc  sonic-android/sdk/src/main/java/com/tencent/sonic/sdk/download/SonicDownloadCallback.java
b97efdf06cefd91ca54687e81915dcf848cdbb6e72a60514b4beb658af8647cb  sonic-android/sdk/src/main/java/com/tencent/sonic/sdk/download/SonicDownloadClient.java
423b63a193a98182781249c3efd46b286aec6731a9d7cd96655b7f793f40bb3b  sonic-android/sdk/src/main/java/com/tencent/sonic/sdk/download/SonicDownloadEngine.java
ca72f535d3266c353d5e80643e1d1055363846d007d277bf082b30d79b5b5886  sonic-android/sdk/src/main/res/values/strings.xml
3867f5136ad2eaa3267bac4b374789fb33358d0d5a069e8868a6025aea569764  sonic-android/settings.gradle
b91b459aa1b6a3fed91512620b5264c2eea1d9332d0b1730f949266de4f1e086  sonic-iOS/.gitignore
2ad5e97f45d7e62de89707ea079fae4c13319454a11d66662d7462e28e4b0fdf  sonic-iOS/README.md
ff20eb1a8108d9e5732e2624efe3ba824a0747b64d188f10eb8ab4ec7bc8b55d  sonic-iOS/Sonic.xcodeproj/project.pbxproj
d47f0778362ed5845facf9c7eb9730b4507b8708664625e601a3f7ac9e80c748  sonic-iOS/Sonic.xcodeproj/project.xcworkspace/contents.xcworkspacedata
fb5e78cfee032e1e29610c07ac3de8e07b9727da3a8f054a615f7ae1dc153c6d  sonic-iOS/Sonic.xcworkspace/contents.xcworkspacedata
bcb7b54d7559fca1ef50a01bc8bd4056dd9527f6c50e3b2eb9aca6f25b26f5ab  sonic-iOS/Sonic/Cache/SonicCache.h
93923546b86ee5c621958d541bf80845cd7d04080fe7838c5d59d9706970eb11  sonic-iOS/Sonic/Cache/SonicCache.m
eee9b81a83d511f0f5cfcec0aebe04c87549d1fdd55f8de709475de70fcc7d51  sonic-iOS/Sonic/Cache/SonicCacheItem.h
da5d0579fcc9f66d651454a5584b3c23d018801140e36ad9871447c6047ac4c0  sonic-iOS/Sonic/Cache/SonicCacheItem.m
79ef0b8bcfc88834e5cbd159306e5d5e901a5ce8fe374b55a111da07ea507cf2  sonic-iOS/Sonic/Cache/SonicDatabase.h
44d3766fe4c7482b982f191d595915d99ae0b3a123310dc80fa59a4a7349f32c  sonic-iOS/Sonic/Cache/SonicDatabase.m
6b717c735e902686d036918bf44ed8117d953cfc135bb9448f3d49044c017081  sonic-iOS/Sonic/Engine/SonicConfiguration.h
f91c874f355502c2eaf60671727dd2298b1651525af6fb9adf8b6ddaad708658  sonic-iOS/Sonic/Engine/SonicConfiguration.m
72e68ea53e16b3c4e4a3b77cd099b2045788a6f6c3f6b09ca6cbadf9db973f0f  sonic-iOS/Sonic/Engine/SonicEngine.h
a07faa698303e9965649ba13e98fd9813e4d0d0168ec3d63b701fd4122fedba0  sonic-iOS/Sonic/Engine/SonicEngine.m
50cd1016eb1d0c960281d963c918d6ef189ed472a260cf929365a0594b91208e  sonic-iOS/Sonic/Info.plist
f1c4a3bad9e505d64a190d195cd5e47ebf106c8ab161f6a4eaee964207540030  sonic-iOS/Sonic/Network/SonicConnection.h
e38503749fca773165d80fca954a48018d33d679c42cc88b5dd779c6aeae36dc  sonic-iOS/Sonic/Network/SonicConnection.m
38a28d7712e9a32aed084e50056be26b6773a930b59dbb358f6c465fb065453b  sonic-iOS/Sonic/Network/SonicServer.h
2f7e38098da5eba9972b8aeb04679bf635b143783ba05b7f2c080a569b4decbb  sonic-iOS/Sonic/Network/SonicServer.m
83b5931522bf9aa6ec957ba7e95f5a898d08934ca06a14a8018718096c2691f6  sonic-iOS/Sonic/Network/SonicURLProtocol.h
8c9928eaee60385c045a02c1b4dd85d5458a0442aead964bef8f54823fecab4e  sonic-iOS/Sonic/Network/SonicURLProtocol.m
fc496105beb0133c65a8d5ca718d18556f44952dfbf7ff6bb6dcbf292ee5c2ce  sonic-iOS/Sonic/ResourceLoader/SonicResourceLoadOperation.h
a6c104d242c96d35c55a606fa0890dd72bbad214c84b70045dc8052954b6e050  sonic-iOS/Sonic/ResourceLoader/SonicResourceLoadOperation.m
1761156049982dd24cdd741cb5bbe310354f47b8a4c9a7fcee980e6e56fb275c  sonic-iOS/Sonic/ResourceLoader/SonicResourceLoader.h
81ad8feee4d1ab3e9a641bcd699dcaeb90488b501669adbd19df5a181f6daefb  sonic-iOS/Sonic/ResourceLoader/SonicResourceLoader.m
39359edfed42b60e76122d34872c9562f611872485d65fa5536b67b8448401b2  sonic-iOS/Sonic/Session/SonicSession.h
7b0f6af01a2111e9c5f7056332ef46fc7b7e8d571e050eff53c4ea9b55534916  sonic-iOS/Sonic/Session/SonicSession.m
ff730b7e792220461e550bf9fe83d68fe832b6650f2b69aa5670404b14e58ae8  sonic-iOS/Sonic/Session/SonicSessionConfiguration.h
d3b8664f3326094fd055c75d4fdf519f41064f394b6db814a5d87f6aa7aa54ba  sonic-iOS/Sonic/Session/SonicSessionConfiguration.m
bb9884a256b1660f7994fdcd2d471a7fba93c3f6b73e9e232e45b01ca03fc9d3  sonic-iOS/Sonic/Sonic.h
83cdd33d2a6fc33bf1b268b8b818b54c108bb9f83fd1262424f9788adf18c514  sonic-iOS/Sonic/SonicConstants.h
e648b909085a152adee7a44e2a91e4c2533d57b6b7021b1fa42628022212882b  sonic-iOS/Sonic/SonicProtocol.h
4d0c3c4b1c132e98eedd93061b8dcba963f832866c380bdbcd9f40d19c8699fa  sonic-iOS/Sonic/Statistics/SonicEventConstants.h
7f118d6da63e35d41d114860233de821455ebee418761d2c66bf2f78bf56f734  sonic-iOS/Sonic/Statistics/SonicEventStatistics.h
498e60bd9d884c3291507156bc9600391039028eb397a594d378e841f5b7e4c8  sonic-iOS/Sonic/Statistics/SonicEventStatistics.m
1d5d02ab7e13210f87b1a3cb9ef35aeaeb8c3cc393441fa677bddbc8bfd851c7  sonic-iOS/Sonic/Util/SonicUtil.h
3c5ccc691271b8e2f6ca792e60957229e7b4e0d0b1e59364b98cbb2a7a6205fa  sonic-iOS/Sonic/Util/SonicUtil.m
661fafcd904964dd3ff921d6f7c712eb293bef068a7152d7fb3df92349afb28a  sonic-iOS/SonicSample/SonicSample.xcodeproj/project.pbxproj
921c921d10156b400e74b17d8a44ef156c9e9bb81b5b0834d2d4d85faa8f0f15  sonic-iOS/SonicSample/SonicSample.xcodeproj/project.xcworkspace/contents.xcworkspacedata
9f5ef0b7335f26455294cc997c68d05454201e4d8121449e46893896a965e50d  sonic-iOS/SonicSample/SonicSample/36f620dddab622727b270e6b79b20a98/main.html
95d092f863e1d97c72dc63ff14b28016e9504f5719e672785cc0aad8404f9d6a  sonic-iOS/SonicSample/SonicSample/AppDelegate.h
79ac6992aeddf813406ab84c0d67bc4d6c3a35c4f06a147b442f7b597ce4af4c  sonic-iOS/SonicSample/SonicSample/AppDelegate.m
39624c66a9d91c01d27cac58c2bd38117cf6c9df8bac5ea724b1d2879b5f2c7b  sonic-iOS/SonicSample/SonicSample/Assets.xcassets/AppIcon.appiconset/Contents.json
972ec1fd42325872438eb085ac29e94f51c10788ec18ec5549439950866c541d  sonic-iOS/SonicSample/SonicSample/Assets.xcassets/Contents.json
ef58da1c91a231245e343a091871b0dc341b6498de312f9b4403e2687af293b7  sonic-iOS/SonicSample/SonicSample/Info.plist
58fa85f6a4f4e99f838035bf26da10ba4191f1049995cb7c84f6bee7e27b94c6  sonic-iOS/SonicSample/SonicSample/LaunchScreen.storyboard
249ef67c07c518f7cf5e593b97244dff7bb67461250fe4d78c907e55360d197b  sonic-iOS/SonicSample/SonicSample/RootViewController.h
b4a13f445aab6dab2b29f2be3994cb27231106b9ba3d70f78e6f6363e732b571  sonic-iOS/SonicSample/SonicSample/RootViewController.m
09e6465e58d9932cfecdd802e52089b1fc02fb1170735ec0a33f31008bbe2d39  sonic-iOS/SonicSample/SonicSample/SonicEventObserver.h
7a9eb4fca744ab35a9661ffecc1e7363145a7b2f47cd750ddeaa1b86a74b28c7  sonic-iOS/SonicSample/SonicSample/SonicEventObserver.m
66aaea8afb782c770c08087d11c3841df28666453a2e67d092aba4f5270a4c31  sonic-iOS/SonicSample/SonicSample/SonicJSContext.h
ff31d5d7ca2a617b67be20445931310a2ae87f7dabe473cf6f979f5453e0a836  sonic-iOS/SonicSample/SonicSample/SonicJSContext.m
2b1ecce2e931293a5d43712bffaa3dec23239f2774bab1fdd87bcc21893d7b5b  sonic-iOS/SonicSample/SonicSample/SonicOfflineCacheConnection.h
faacd2b9614d8445d7908959c3a0f011dd717049844e28098aa64d0e1580b081  sonic-iOS/SonicSample/SonicSample/SonicOfflineCacheConnection.m
f840bea19dfe4b2c35103ae5e31bac21cf4e2ac0aa42a124c808819daeaea797  sonic-iOS/SonicSample/SonicSample/SonicWebViewController.h
b5995340e76c1de6cad2541a80f930c282d6518138e78a47537a10b04f82fa92  sonic-iOS/SonicSample/SonicSample/SonicWebViewController.m
1dca98c0688e517f33784078d28f942d65d6501e9ae1866b1296c2215a467ccc  sonic-iOS/SonicSample/SonicSample/header.png
b801d6d1ade0e20f0ccacc9612e392092d14d0774fcef2d295659e34c234405f  sonic-iOS/SonicSample/SonicSample/logo.jpg
9ca28d3ea377c7788293817c42b021cf17ef836aa5e7f8ecc5318f52088cb3e5  sonic-iOS/SonicSample/SonicSample/main.m
b73f9f8fc6e2367490a730044e227f0e179ce5b796c19526236599ed9d1b592a  sonic-iOS/SonicSample/SonicSampleUITests/Info.plist
f16e302309904a84402b99de9a742738e4e74d7a07e2888aa8f3eb9afc3e2ccd  sonic-iOS/SonicSample/SonicSampleUITests/SonicSampleUITests.m
fc80788574448e36ed591bd8c4f82c587b3a359d1d07594f522958b98c37fac5  sonic-iOS/docs/TemplateChange.png
4d2b1838ad6abc2fe34cef1618e851e7ceb9bf34fc13e9aa06174cd100f1e4ae  sonic-iOS/docs/allCache.png
531a076faf491ede3450487681384d65b1ca5ff77b666a45071c4946e79684ae  sonic-iOS/docs/dataUpdate.png
0de1c6da76f933e1cbd3c9dba00c83a365acf0765328f29c0f6a2923b295579e  sonic-iOS/docs/first.png
a7f7ebfba412630abbccaf20b4dd96dd023275afa75842aed22ec03aefd35c1d  sonic-iOS/docs/iOS终端实现原理.md
afc52cc080c3284510c3b2227b57e49d833ff5089505135b783bc955ee31dddf  sonic-iOS/docs/终端接入指引-iOS版本.md
22621d828dabbd2fef706b5cfef2884aacec2c5c54ca2a36c42742511c39cc6f  sonic-java/README.md
aaaeede7a3b63a0bdf21dd61774429b3fc7bcba002c0d9be9c859b71d0975801  sonic-java/apidocs/allclasses-frame.html
54d381eec077d9824a16908b1b87d7257321d5000993cc87ed8142cfb075f5cd  sonic-java/apidocs/allclasses-noframe.html
7fc2870eb7b4a7c21e482bebe1e33b1ea2e20d73dc510216b498ecda166bfbe9  sonic-java/apidocs/com/github/tencent/AbstractReplaceCallBack.html
7f87ae8b5a49dd030bbae83c5d6b9dea568f3e0e89feba4328a7c5dacbe66939  sonic-java/apidocs/com/github/tencent/HttpServletResponseCopier.html
64751e9dbc69c1861f59ef58eda700535976b4a56a806652edd033f5562ac396  sonic-java/apidocs/com/github/tencent/ReplaceCallBack.html
11abd83cd838bb621b0f4e3714f9a34ef52f60a219e0add30944a965e7926736  sonic-java/apidocs/com/github/tencent/ServletOutputStreamCopier.html
f9ac9fa293961e92b04b42df8f63df2c2be88175cc9157f77f56529032550fc9  sonic-java/apidocs/com/github/tencent/SonicFilter.html
2d56331848903811f8702c78e3c8edb4e065bc1e89ac8f9652ea45e78bdc59a4  sonic-java/apidocs/com/github/tencent/SonicUtil.html
7e74c7964f6268ff03215c4ddca298a60e8ca092de38ee9bad0faf327c11e36f  sonic-java/apidocs/com/github/tencent/class-use/AbstractReplaceCallBack.html
79e0dda4d1efbebef0ba3495cba9e89ff1c6d78e508883eff655c7a4bf52d6c6  sonic-java/apidocs/com/github/tencent/class-use/HttpServletResponseCopier.html
2891296d3de41dac45f47bb714e3681214331f843166527506fbb6c35f39842f  sonic-java/apidocs/com/github/tencent/class-use/ReplaceCallBack.html
caa11b80796a503aa06837873d7deee4158c1f007f66a96cbbeaa2c90745a996  sonic-java/apidocs/com/github/tencent/class-use/ServletOutputStreamCopier.html
66a4910194798d2e72e5daea3df04595d3a3d21bdb426711b7e212a3609aab55  sonic-java/apidocs/com/github/tencent/class-use/SonicFilter.html
b76a113acaab634bcefd828b9bef508e6f1bbd5dba510eb16a7ab5ba6cf24884  sonic-java/apidocs/com/github/tencent/class-use/SonicUtil.html
4fe40c3eafc33c446989cef3b84704dac6eb53ac817dedfe18e044693950a5cd  sonic-java/apidocs/com/github/tencent/package-frame.html
b66c4eef379766d98c19a018010c1eaf47e69dab8363516be4f66f445288beeb  sonic-java/apidocs/com/github/tencent/package-summary.html
ef7cfaeabe8caddf5f8c24d4047ee5ef831eba7cef37b137ff3b50b87abb39f6  sonic-java/apidocs/com/github/tencent/package-tree.html
3fa69af6ef42f57637e6634c328c2b55f0ed17d1be2afd58a485dcf5ab97f3f7  sonic-java/apidocs/com/github/tencent/package-use.html
429be390ca00788c7c9e32325c1c726a485838906e98be11ae9d2d909a15e3d9  sonic-java/apidocs/constant-values.html
07bd9cd837a220522a43c01ffdbcc14b6f5d30852df17dfa60889fee0d2e94e8  sonic-java/apidocs/deprecated-list.html
0760ed197d6735570e562061234d1c0bf86ce486996abbaaf07a889352f5f601  sonic-java/apidocs/help-doc.html
70e991d3d03c4b24dd740132a9549c41b14a15624e73eaad2d530ffb96699a4b  sonic-java/apidocs/index-all.html
a6b8d573e44b44bd5e2d504a12200923f00e9acbb515cf91502c87ca373de489  sonic-java/apidocs/index.html
95b56650052cd00ad954dbde15d8763320fe01a81887fc3c49f405f6ba4cdd9a  sonic-java/apidocs/overview-tree.html
4bf48de30072a669387fe460fa14676ecb965179dbdf7f80a28119822fd1d18c  sonic-java/apidocs/package-list
506393161b692568f588d68beaecf9ad5d33f147abad909d9cde12918dbce7b7  sonic-java/apidocs/script.js
1bd7e17fe3d51bcd775fff086f66b19fc97a2f467248f382d8310c6b114c4d5e  sonic-java/apidocs/stylesheet.css
b23d9e984cfa7a306cf2bffe23ab6a16f8626bb30d1650d5e2d10246f6f21d95  sonic-java/lib/VasSonic-1.1-javadoc.jar
a77efe11600be71b836afa1eb0da3c7e73e0a2af62da33faa29625199b3b2f3b  sonic-java/lib/VasSonic-1.1-sources.jar
0e93b4ab8178196f382e8e0b60206b1cc640a8c56a02cc6db1c387d456ed912e  sonic-java/lib/VasSonic-1.1.jar
0e93b4ab8178196f382e8e0b60206b1cc640a8c56a02cc6db1c387d456ed912e  sonic-java/sample/webapp/WEB-INF/lib/VasSonic-1.1.jar
16714e45fc44a95c8e7223e317ea47f0efe99c25ecad7a51ca9db5dee10353c2  sonic-java/sample/webapp/WEB-INF/web.xml
8f0478f15e4e1b5339495da665493e67cb030422b530cb4a7631274a418d6af1  sonic-java/sample/webapp/index.jsp
4535528784ddeb1e2f0df07dee554d907ead1cfe16c58d58aab4d2187f15c493  sonic-java/src/main/java/com/github/tencent/AbstractReplaceCallBack.java
261e7b9f911a4b6b7c8abef64f6184688e61f70786d24f31ea53f2375cd241ee  sonic-java/src/main/java/com/github/tencent/HttpServletResponseCopier.java
5a9d2333b8c9a67001db9584854d891f11d88cc50dbe4a02c69d890c35506e09  sonic-java/src/main/java/com/github/tencent/ReplaceCallBack.java
0de83f209b305d82c911173c0d3cf86c6f6286f4eefd018d99235a80c5d0ee7b  sonic-java/src/main/java/com/github/tencent/ServletOutputStreamCopier.java
98120c1b4329a16da9a3b8b1554cfff0dc701a398b7b043f13ee9fe69fa85cbf  sonic-java/src/main/java/com/github/tencent/SonicFilter.java
a79b8167198838c36874aaa5a6c6a0ddd373461906b8bf27fa432f8cbf243cea  sonic-java/src/main/java/com/github/tencent/SonicUtil.java
d7f2b76d600fbda777b7eecc70fdc0502615c0706f16184f1ebf66e3ae89994f  sonic-nodejs/.gitignore
cd0478737810042a212688e71796609e88d1346e7a3cc369edb1f55ff8f4d31c  sonic-nodejs/README.md
324b7fb6975d803ad2d96dabcbe7e86c892dd6349ad1f44dd7d374373ac1e235  sonic-nodejs/README_CN.md
ca8aa4cd5921d2e59fad46738f8657fcce6f52e34e9bcb869d5cc3ac2177e750  sonic-nodejs/app.js
0c5d471fa025b10cfa3b35effb810378a2466d43393e3b584b0b9d5db5439e98  sonic-nodejs/assets/build/gulpfile.js
1a75c31065059492af65dfed615e9b28495258d85ce4ff66eef94ecea312149d  sonic-nodejs/assets/package.json
0aab20ccfb13893d3c74120b54e205773e378c27bacf1205dc8af9e57bc22ad8  sonic-nodejs/assets/page/demo1.ejs
a7a2260e12ff7cd62c22e95bd46be77453115bdf378d49dc7ea388d21ad63ae5  sonic-nodejs/assets/page/demo1.js
2bf382d1faa3c7883058a12616f60ad198da09ce4ee89d69ff366a94f07bedf9  sonic-nodejs/assets/page/demo2-data.js
b7cb02f286093c23e39435e5ac44bd8635dd3a7b6bfb5b29660ac0a4d9137f26  sonic-nodejs/assets/page/demo2.ejs
2845c1fc0439c9a453a58ca83de4b3c2c7413aa88a40bf779bf0523302f4336a  sonic-nodejs/assets/page/demo2.js
9a59b10b0204b9fe2dc835b4e9b70683218b43e813f0d0cc6b65b35497001f56  sonic-nodejs/assets/page/demo3-data.js
387e82670232f2f99482dedb991245a570868247d2ad8fed538ad39aee0888f0  sonic-nodejs/assets/page/demo3.ejs
262e21d973d6e8d1e15acb4fd1dfb4e0365ff5ea5b80e4bec4ff3c7e2dc62781  sonic-nodejs/assets/page/demo3.js
b882d4ae3f28e7c168f0843ea420c37ab68f406b38b5b1f1e091940de74df964  sonic-nodejs/assets/page/index.ejs
d074af74c2ea427068b204730397aa09c60a4a161549f692c5cc6d61d5395d63  sonic-nodejs/assets/page/index.js
3040d6d7f40f9699177722798c6d97efbbafe3c452c1fa52bdbad41edd9eb41e  sonic-nodejs/assets/page/tpls/common_body_header.ejs
a6008b022408262eec43b178f3c999d5d47e37053240dc6ea1e3d5d34231b59b  sonic-nodejs/assets/page/tpls/common_body_header.js
fc87eaabb0a1e791a2947be906793a1ad1992176dbf7976c96b87ecef73f0415  sonic-nodejs/assets/page/tpls/common_header.ejs
f34b8f0f13af963fe22051dd8658426d63311463f6eb6125fefc26fbd49fb2c5  sonic-nodejs/assets/page/tpls/common_header.js
e760ee72409da5e9a704f695d0929e7c47ff3334455b3b59e7c0f3ddc08ccf46  sonic-nodejs/assets/page/tpls/common_meta.ejs
ceaaa22a6d4d1ab0a8a4d3f61ba17b1d120bc2634045974145ddd877c3f911ce  sonic-nodejs/assets/page/tpls/common_meta.js
ef3ed48012f12121cc705430903ba6a6896021eae60c04be06c09b5b6fc7f8a6  sonic-nodejs/assets/project.config.js
2ab288c316b313b5f44f5d4f16db06285033d99390e441a673a1d2c71a427e79  sonic-nodejs/common/diff.js
5e96b591eba946f5c1be66fcd083794ce186ee9fe836197957bc7703341650b3  sonic-nodejs/middleware/compress.js
59f3228f244538d2742202481cd351e4dcec89e7e2b5f6be07bc11914a670d5c  sonic-nodejs/package.json
2c50504a2c91a9d0d08bbef52f8a26797d418ea469130059c2b955bca4fd772a  sonic-nodejs/router/config.js
fd5dec734eb1c5cf43dec3e6cab7ad82dfca88434631031901d8120cebf54ffc  sonic-nodejs/router/index.js
8e65bbf345f6de6f50fb29a8b0d4f2c8f6b595be2e3fed9c084a13028cc2f29e  sonic-php/README.md
dba374023ec867b9fabc5f3a93cc0f353634806b7562ef37bcbbce368e216e63  sonic-php/sample/README.md
adfb9f35da1bddd18d48ff9c6cb411efc33be1458ee6ba326e672778c7a0f19c  sonic-php/sample/controller/demo.php
c063e00afe0460a3985fd2835bf13b88d1477ddb23aa7985b13cb2247f4e7653  sonic-php/sample/index.php
388aba2292eebc1befff0cc0d05713eb773d94e7d9ee9ba4915dd4a75d7d9c37  sonic-php/sample/js/sonic-3.js
f57d43103e684903c633724f9cce5480101826b6b2d967a715c813ebd53b78ac  sonic-php/sample/util/sonic.php
60f90b2dcde7eed35236abf58a131e68c142c5ff6d7ab694bb8315c5ad33ade1  sonic-php/sample/view/demo_template.php
9ced7ed373d36faeb3eadfad6e451ec4fa84837ec67965b46f15101fb838085b  sonic-php/sdk/sonic.php
718ba260615222f22223010f713072d2e4b25ad8de004afea038e522123f0980  sonic-react/README.md
815db7d83874e47a621d3e578a3f9455efeb2c54d36cd713bdf9f944adc57102  sonic-react/README_CN.md
1ec2372d1a12e6d6e4af0c5edde0572a5586bd4703515e84100654e069dee0bf  sonic-react/components/GameArea.js
e6c048a1786aef658bb514973178118d7834eb39da873eeaaaf1109aeeae3197  sonic-react/components/GameFooter.js
cef16bd00d5a21ff3944948d4baa20b0405ab87c9240c4a32d395b71b35f2fd7  sonic-react/components/GameHeader.js
1f9815bd6cd9d56e414a70600ccf4419119249fcc8d37bbd3de65014de56fbfa  sonic-react/containers/GameContainer.js
acb098d0ceb145a8115486af4c9390a3a258deba0e60c11340c3bde4f6091dcb  sonic-react/package.json
1bf9380d8c90fe5fd8299502fc68254e423a3a5de09c610a693d09ecd2dd2a9d  sonic-react/pages/demo.js
3d46e62db6096cac6365c6facbb87722b26af9a264e9f43a7882119bde90ca6e  sonic-react/redux/duck.js
c74b443761d3bcafee4ff80ee3488290c0e9aefbcf666139ec85c74d3843e55e  sonic-react/server.js
675262a345b2d6d7eac9bbe74113cc2e21f6ca212f52c63b74797612172c94a8  sonic-react/static/favicon.ico
093fa5b2e1dd38e4108417fc252aa80c04d8727833a56ebfbb44034b82c88dd8  sonic-react/static/img/jigsaw/0.jpg
4fbc192e92242bc21b24c074b14baf323b9244472f68c1ea2c5e7b39f1fccff3  sonic-react/static/img/jigsaw/1.jpg
76acd021699f1d1b45ac9658a3c5bd9a3de0ca1fd34b96172262df59d0971778  sonic-react/static/img/jigsaw/2.jpg
ede4d33eacafdf2c1e7be5b7a2e90b7a223661f8d029d1b847702362293a8b0d  sonic-react/static/img/jigsaw/3.jpg
d280327f6d2321a7fe8af63a5270a04f4d0463b8b593c99f08cfafdbf2b59b4a  sonic-react/static/img/jigsaw/4.jpg
bd7edfaf4d46c27fd67b5ddcf69b02b4fa8812e67cd26808cacfffa89cd165f2  sonic-react/static/js/flexible.js
